// !$*UTF8*$!
{
	archiveVersion = 1;
	classes = {
	};
	objectVersion = 46;
	objects = {

/* Begin PBXBuildFile section */
		2B34CD691CF3FA4400A9325D /* TResponseObject.m in Sources */ = {isa = PBXBuildFile; fileRef = 2B34CD681CF3FA4400A9325D /* TResponseObject.m */; };
		2B34CD721CF3FBF900A9325D /* NSObject+TYJSONModel.m in Sources */ = {isa = PBXBuildFile; fileRef = 2B34CD6C1CF3FBF900A9325D /* NSObject+TYJSONModel.m */; };
		2B34CD731CF3FBF900A9325D /* TYClassInfo.m in Sources */ = {isa = PBXBuildFile; fileRef = 2B34CD6E1CF3FBF900A9325D /* TYClassInfo.m */; };
		2B34CD741CF3FBF900A9325D /* TYPropertyInfo.m in Sources */ = {isa = PBXBuildFile; fileRef = 2B34CD711CF3FBF900A9325D /* TYPropertyInfo.m */; };
		2B34CD771CF3FE0500A9325D /* TCategoryRequest.m in Sources */ = {isa = PBXBuildFile; fileRef = 2B34CD761CF3FE0500A9325D /* TCategoryRequest.m */; };
		2B34CD7D1CF4002400A9325D /* TCatergoryModel.m in Sources */ = {isa = PBXBuildFile; fileRef = 2B34CD7C1CF4002400A9325D /* TCatergoryModel.m */; };
		2B34CD911CF434F600A9325D /* THttpRequest.m in Sources */ = {isa = PBXBuildFile; fileRef = 2B34CD901CF434F600A9325D /* THttpRequest.m */; };
		2B34CD981CF4391D00A9325D /* MBProgressHUD+MJ.m in Sources */ = {isa = PBXBuildFile; fileRef = 2B34CD941CF4391D00A9325D /* MBProgressHUD+MJ.m */; };
		2B34CD991CF4391D00A9325D /* MBProgressHUD.bundle in Resources */ = {isa = PBXBuildFile; fileRef = 2B34CD951CF4391D00A9325D /* MBProgressHUD.bundle */; };
		2B34CD9A1CF4391D00A9325D /* MBProgressHUD.m in Sources */ = {isa = PBXBuildFile; fileRef = 2B34CD971CF4391D00A9325D /* MBProgressHUD.m */; };
		2BF5FA531CEEB4640052DF27 /* main.m in Sources */ = {isa = PBXBuildFile; fileRef = 2BF5FA521CEEB4640052DF27 /* main.m */; };
		2BF5FA561CEEB4640052DF27 /* AppDelegate.m in Sources */ = {isa = PBXBuildFile; fileRef = 2BF5FA551CEEB4640052DF27 /* AppDelegate.m */; };
		2BF5FA591CEEB4640052DF27 /* ViewController.m in Sources */ = {isa = PBXBuildFile; fileRef = 2BF5FA581CEEB4640052DF27 /* ViewController.m */; };
		2BF5FA5C1CEEB4640052DF27 /* Main.storyboard in Resources */ = {isa = PBXBuildFile; fileRef = 2BF5FA5A1CEEB4640052DF27 /* Main.storyboard */; };
		2BF5FA5E1CEEB4640052DF27 /* Assets.xcassets in Resources */ = {isa = PBXBuildFile; fileRef = 2BF5FA5D1CEEB4640052DF27 /* Assets.xcassets */; };
		2BF5FA611CEEB4640052DF27 /* LaunchScreen.storyboard in Resources */ = {isa = PBXBuildFile; fileRef = 2BF5FA5F1CEEB4640052DF27 /* LaunchScreen.storyboard */; };
		2BF5FA771CEEB4920052DF27 /* AFHTTPSessionManager.m in Sources */ = {isa = PBXBuildFile; fileRef = 2BF5FA6B1CEEB4920052DF27 /* AFHTTPSessionManager.m */; };
		2BF5FA781CEEB4920052DF27 /* AFNetworkReachabilityManager.m in Sources */ = {isa = PBXBuildFile; fileRef = 2BF5FA6E1CEEB4920052DF27 /* AFNetworkReachabilityManager.m */; };
		2BF5FA791CEEB4920052DF27 /* AFSecurityPolicy.m in Sources */ = {isa = PBXBuildFile; fileRef = 2BF5FA701CEEB4920052DF27 /* AFSecurityPolicy.m */; };
		2BF5FA7A1CEEB4920052DF27 /* AFURLRequestSerialization.m in Sources */ = {isa = PBXBuildFile; fileRef = 2BF5FA721CEEB4920052DF27 /* AFURLRequestSerialization.m */; };
		2BF5FA7B1CEEB4920052DF27 /* AFURLResponseSerialization.m in Sources */ = {isa = PBXBuildFile; fileRef = 2BF5FA741CEEB4920052DF27 /* AFURLResponseSerialization.m */; };
		2BF5FA7C1CEEB4920052DF27 /* AFURLSessionManager.m in Sources */ = {isa = PBXBuildFile; fileRef = 2BF5FA761CEEB4920052DF27 /* AFURLSessionManager.m */; };
		B04022C91D8C29BD0033DE2B /* TYBaseRequest.m in Sources */ = {isa = PBXBuildFile; fileRef = B04022B91D8C29BD0033DE2B /* TYBaseRequest.m */; };
		B04022CA1D8C29BD0033DE2B /* TYBatchRequest.m in Sources */ = {isa = PBXBuildFile; fileRef = B04022BB1D8C29BD0033DE2B /* TYBatchRequest.m */; };
		B04022CB1D8C29BD0033DE2B /* TYChainRequest.m in Sources */ = {isa = PBXBuildFile; fileRef = B04022BD1D8C29BD0033DE2B /* TYChainRequest.m */; };
		B04022CC1D8C29BD0033DE2B /* TYHttpManager.m in Sources */ = {isa = PBXBuildFile; fileRef = B04022BF1D8C29BD0033DE2B /* TYHttpManager.m */; };
		B04022CD1D8C29BD0033DE2B /* TYHttpRequest.m in Sources */ = {isa = PBXBuildFile; fileRef = B04022C11D8C29BD0033DE2B /* TYHttpRequest.m */; };
		B04022CE1D8C29BD0033DE2B /* TYRequstConfigure.m in Sources */ = {isa = PBXBuildFile; fileRef = B04022C41D8C29BD0033DE2B /* TYRequstConfigure.m */; };
		B04022CF1D8C29BD0033DE2B /* TYResponseCache.m in Sources */ = {isa = PBXBuildFile; fileRef = B04022C61D8C29BD0033DE2B /* TYResponseCache.m */; };
		B04022D01D8C29BD0033DE2B /* TYResponseObject.m in Sources */ = {isa = PBXBuildFile; fileRef = B04022C81D8C29BD0033DE2B /* TYResponseObject.m */; };
/* End PBXBuildFile section */

/* Begin PBXFileReference section */
		2B34CD671CF3FA4400A9325D /* TResponseObject.h */ = {isa = PBXFileReference; fileEncoding = 4; lastKnownFileType = sourcecode.c.h; path = TResponseObject.h; sourceTree = "<group>"; };
		2B34CD681CF3FA4400A9325D /* TResponseObject.m */ = {isa = PBXFileReference; fileEncoding = 4; lastKnownFileType = sourcecode.c.objc; path = TResponseObject.m; sourceTree = "<group>"; };
		2B34CD6B1CF3FBF900A9325D /* NSObject+TYJSONModel.h */ = {isa = PBXFileReference; fileEncoding = 4; lastKnownFileType = sourcecode.c.h; path = "NSObject+TYJSONModel.h"; sourceTree = "<group>"; };
		2B34CD6C1CF3FBF900A9325D /* NSObject+TYJSONModel.m */ = {isa = PBXFileReference; fileEncoding = 4; lastKnownFileType = sourcecode.c.objc; path = "NSObject+TYJSONModel.m"; sourceTree = "<group>"; };
		2B34CD6D1CF3FBF900A9325D /* TYClassInfo.h */ = {isa = PBXFileReference; fileEncoding = 4; lastKnownFileType = sourcecode.c.h; path = TYClassInfo.h; sourceTree = "<group>"; };
		2B34CD6E1CF3FBF900A9325D /* TYClassInfo.m */ = {isa = PBXFileReference; fileEncoding = 4; lastKnownFileType = sourcecode.c.objc; path = TYClassInfo.m; sourceTree = "<group>"; };
		2B34CD6F1CF3FBF900A9325D /* TYJSONModel.h */ = {isa = PBXFileReference; fileEncoding = 4; lastKnownFileType = sourcecode.c.h; path = TYJSONModel.h; sourceTree = "<group>"; };
		2B34CD701CF3FBF900A9325D /* TYPropertyInfo.h */ = {isa = PBXFileReference; fileEncoding = 4; lastKnownFileType = sourcecode.c.h; path = TYPropertyInfo.h; sourceTree = "<group>"; };
		2B34CD711CF3FBF900A9325D /* TYPropertyInfo.m */ = {isa = PBXFileReference; fileEncoding = 4; lastKnownFileType = sourcecode.c.objc; path = TYPropertyInfo.m; sourceTree = "<group>"; };
		2B34CD751CF3FE0500A9325D /* TCategoryRequest.h */ = {isa = PBXFileReference; fileEncoding = 4; lastKnownFileType = sourcecode.c.h; path = TCategoryRequest.h; sourceTree = "<group>"; };
		2B34CD761CF3FE0500A9325D /* TCategoryRequest.m */ = {isa = PBXFileReference; fileEncoding = 4; lastKnownFileType = sourcecode.c.objc; path = TCategoryRequest.m; sourceTree = "<group>"; };
		2B34CD7B1CF4002400A9325D /* TCatergoryModel.h */ = {isa = PBXFileReference; fileEncoding = 4; lastKnownFileType = sourcecode.c.h; path = TCatergoryModel.h; sourceTree = "<group>"; };
		2B34CD7C1CF4002400A9325D /* TCatergoryModel.m */ = {isa = PBXFileReference; fileEncoding = 4; lastKnownFileType = sourcecode.c.objc; path = TCatergoryModel.m; sourceTree = "<group>"; };
		2B34CD8F1CF434F600A9325D /* THttpRequest.h */ = {isa = PBXFileReference; fileEncoding = 4; lastKnownFileType = sourcecode.c.h; path = THttpRequest.h; sourceTree = "<group>"; };
		2B34CD901CF434F600A9325D /* THttpRequest.m */ = {isa = PBXFileReference; fileEncoding = 4; lastKnownFileType = sourcecode.c.objc; path = THttpRequest.m; sourceTree = "<group>"; };
		2B34CD931CF4391D00A9325D /* MBProgressHUD+MJ.h */ = {isa = PBXFileReference; fileEncoding = 4; lastKnownFileType = sourcecode.c.h; path = "MBProgressHUD+MJ.h"; sourceTree = "<group>"; };
		2B34CD941CF4391D00A9325D /* MBProgressHUD+MJ.m */ = {isa = PBXFileReference; fileEncoding = 4; lastKnownFileType = sourcecode.c.objc; path = "MBProgressHUD+MJ.m"; sourceTree = "<group>"; };
		2B34CD951CF4391D00A9325D /* MBProgressHUD.bundle */ = {isa = PBXFileReference; lastKnownFileType = "wrapper.plug-in"; path = MBProgressHUD.bundle; sourceTree = "<group>"; };
		2B34CD961CF4391D00A9325D /* MBProgressHUD.h */ = {isa = PBXFileReference; fileEncoding = 4; lastKnownFileType = sourcecode.c.h; path = MBProgressHUD.h; sourceTree = "<group>"; };
		2B34CD971CF4391D00A9325D /* MBProgressHUD.m */ = {isa = PBXFileReference; fileEncoding = 4; lastKnownFileType = sourcecode.c.objc; path = MBProgressHUD.m; sourceTree = "<group>"; };
		2BF5FA4E1CEEB4640052DF27 /* TYHttpManagerDemo.app */ = {isa = PBXFileReference; explicitFileType = wrapper.application; includeInIndex = 0; path = TYHttpManagerDemo.app; sourceTree = BUILT_PRODUCTS_DIR; };
		2BF5FA521CEEB4640052DF27 /* main.m */ = {isa = PBXFileReference; lastKnownFileType = sourcecode.c.objc; path = main.m; sourceTree = "<group>"; };
		2BF5FA541CEEB4640052DF27 /* AppDelegate.h */ = {isa = PBXFileReference; lastKnownFileType = sourcecode.c.h; path = AppDelegate.h; sourceTree = "<group>"; };
		2BF5FA551CEEB4640052DF27 /* AppDelegate.m */ = {isa = PBXFileReference; lastKnownFileType = sourcecode.c.objc; path = AppDelegate.m; sourceTree = "<group>"; };
		2BF5FA571CEEB4640052DF27 /* ViewController.h */ = {isa = PBXFileReference; lastKnownFileType = sourcecode.c.h; path = ViewController.h; sourceTree = "<group>"; };
		2BF5FA581CEEB4640052DF27 /* ViewController.m */ = {isa = PBXFileReference; lastKnownFileType = sourcecode.c.objc; path = ViewController.m; sourceTree = "<group>"; };
		2BF5FA5B1CEEB4640052DF27 /* Base */ = {isa = PBXFileReference; lastKnownFileType = file.storyboard; name = Base; path = Base.lproj/Main.storyboard; sourceTree = "<group>"; };
		2BF5FA5D1CEEB4640052DF27 /* Assets.xcassets */ = {isa = PBXFileReference; lastKnownFileType = folder.assetcatalog; path = Assets.xcassets; sourceTree = "<group>"; };
		2BF5FA601CEEB4640052DF27 /* Base */ = {isa = PBXFileReference; lastKnownFileType = file.storyboard; name = Base; path = Base.lproj/LaunchScreen.storyboard; sourceTree = "<group>"; };
		2BF5FA621CEEB4640052DF27 /* Info.plist */ = {isa = PBXFileReference; lastKnownFileType = text.plist.xml; path = Info.plist; sourceTree = "<group>"; };
		2BF5FA6A1CEEB4920052DF27 /* AFHTTPSessionManager.h */ = {isa = PBXFileReference; fileEncoding = 4; lastKnownFileType = sourcecode.c.h; path = AFHTTPSessionManager.h; sourceTree = "<group>"; };
		2BF5FA6B1CEEB4920052DF27 /* AFHTTPSessionManager.m */ = {isa = PBXFileReference; fileEncoding = 4; lastKnownFileType = sourcecode.c.objc; path = AFHTTPSessionManager.m; sourceTree = "<group>"; };
		2BF5FA6C1CEEB4920052DF27 /* AFNetworking.h */ = {isa = PBXFileReference; fileEncoding = 4; lastKnownFileType = sourcecode.c.h; path = AFNetworking.h; sourceTree = "<group>"; };
		2BF5FA6D1CEEB4920052DF27 /* AFNetworkReachabilityManager.h */ = {isa = PBXFileReference; fileEncoding = 4; lastKnownFileType = sourcecode.c.h; path = AFNetworkReachabilityManager.h; sourceTree = "<group>"; };
		2BF5FA6E1CEEB4920052DF27 /* AFNetworkReachabilityManager.m */ = {isa = PBXFileReference; fileEncoding = 4; lastKnownFileType = sourcecode.c.objc; path = AFNetworkReachabilityManager.m; sourceTree = "<group>"; };
		2BF5FA6F1CEEB4920052DF27 /* AFSecurityPolicy.h */ = {isa = PBXFileReference; fileEncoding = 4; lastKnownFileType = sourcecode.c.h; path = AFSecurityPolicy.h; sourceTree = "<group>"; };
		2BF5FA701CEEB4920052DF27 /* AFSecurityPolicy.m */ = {isa = PBXFileReference; fileEncoding = 4; lastKnownFileType = sourcecode.c.objc; path = AFSecurityPolicy.m; sourceTree = "<group>"; };
		2BF5FA711CEEB4920052DF27 /* AFURLRequestSerialization.h */ = {isa = PBXFileReference; fileEncoding = 4; lastKnownFileType = sourcecode.c.h; path = AFURLRequestSerialization.h; sourceTree = "<group>"; };
		2BF5FA721CEEB4920052DF27 /* AFURLRequestSerialization.m */ = {isa = PBXFileReference; fileEncoding = 4; lastKnownFileType = sourcecode.c.objc; path = AFURLRequestSerialization.m; sourceTree = "<group>"; };
		2BF5FA731CEEB4920052DF27 /* AFURLResponseSerialization.h */ = {isa = PBXFileReference; fileEncoding = 4; lastKnownFileType = sourcecode.c.h; path = AFURLResponseSerialization.h; sourceTree = "<group>"; };
		2BF5FA741CEEB4920052DF27 /* AFURLResponseSerialization.m */ = {isa = PBXFileReference; fileEncoding = 4; lastKnownFileType = sourcecode.c.objc; path = AFURLResponseSerialization.m; sourceTree = "<group>"; };
		2BF5FA751CEEB4920052DF27 /* AFURLSessionManager.h */ = {isa = PBXFileReference; fileEncoding = 4; lastKnownFileType = sourcecode.c.h; path = AFURLSessionManager.h; sourceTree = "<group>"; };
		2BF5FA761CEEB4920052DF27 /* AFURLSessionManager.m */ = {isa = PBXFileReference; fileEncoding = 4; lastKnownFileType = sourcecode.c.objc; path = AFURLSessionManager.m; sourceTree = "<group>"; };
		B04022B81D8C29BD0033DE2B /* TYBaseRequest.h */ = {isa = PBXFileReference; fileEncoding = 4; lastKnownFileType = sourcecode.c.h; path = TYBaseRequest.h; sourceTree = "<group>"; };
		B04022B91D8C29BD0033DE2B /* TYBaseRequest.m */ = {isa = PBXFileReference; fileEncoding = 4; lastKnownFileType = sourcecode.c.objc; path = TYBaseRequest.m; sourceTree = "<group>"; };
		B04022BA1D8C29BD0033DE2B /* TYBatchRequest.h */ = {isa = PBXFileReference; fileEncoding = 4; lastKnownFileType = sourcecode.c.h; path = TYBatchRequest.h; sourceTree = "<group>"; };
		B04022BB1D8C29BD0033DE2B /* TYBatchRequest.m */ = {isa = PBXFileReference; fileEncoding = 4; lastKnownFileType = sourcecode.c.objc; path = TYBatchRequest.m; sourceTree = "<group>"; };
		B04022BC1D8C29BD0033DE2B /* TYChainRequest.h */ = {isa = PBXFileReference; fileEncoding = 4; lastKnownFileType = sourcecode.c.h; path = TYChainRequest.h; sourceTree = "<group>"; };
		B04022BD1D8C29BD0033DE2B /* TYChainRequest.m */ = {isa = PBXFileReference; fileEncoding = 4; lastKnownFileType = sourcecode.c.objc; path = TYChainRequest.m; sourceTree = "<group>"; };
		B04022BE1D8C29BD0033DE2B /* TYHttpManager.h */ = {isa = PBXFileReference; fileEncoding = 4; lastKnownFileType = sourcecode.c.h; path = TYHttpManager.h; sourceTree = "<group>"; };
		B04022BF1D8C29BD0033DE2B /* TYHttpManager.m */ = {isa = PBXFileReference; fileEncoding = 4; lastKnownFileType = sourcecode.c.objc; path = TYHttpManager.m; sourceTree = "<group>"; };
		B04022C01D8C29BD0033DE2B /* TYHttpRequest.h */ = {isa = PBXFileReference; fileEncoding = 4; lastKnownFileType = sourcecode.c.h; path = TYHttpRequest.h; sourceTree = "<group>"; };
		B04022C11D8C29BD0033DE2B /* TYHttpRequest.m */ = {isa = PBXFileReference; fileEncoding = 4; lastKnownFileType = sourcecode.c.objc; path = TYHttpRequest.m; sourceTree = "<group>"; };
		B04022C21D8C29BD0033DE2B /* TYRequestProtocol.h */ = {isa = PBXFileReference; fileEncoding = 4; lastKnownFileType = sourcecode.c.h; path = TYRequestProtocol.h; sourceTree = "<group>"; };
		B04022C31D8C29BD0033DE2B /* TYRequstConfigure.h */ = {isa = PBXFileReference; fileEncoding = 4; lastKnownFileType = sourcecode.c.h; path = TYRequstConfigure.h; sourceTree = "<group>"; };
		B04022C41D8C29BD0033DE2B /* TYRequstConfigure.m */ = {isa = PBXFileReference; fileEncoding = 4; lastKnownFileType = sourcecode.c.objc; path = TYRequstConfigure.m; sourceTree = "<group>"; };
		B04022C51D8C29BD0033DE2B /* TYResponseCache.h */ = {isa = PBXFileReference; fileEncoding = 4; lastKnownFileType = sourcecode.c.h; path = TYResponseCache.h; sourceTree = "<group>"; };
		B04022C61D8C29BD0033DE2B /* TYResponseCache.m */ = {isa = PBXFileReference; fileEncoding = 4; lastKnownFileType = sourcecode.c.objc; path = TYResponseCache.m; sourceTree = "<group>"; };
		B04022C71D8C29BD0033DE2B /* TYResponseObject.h */ = {isa = PBXFileReference; fileEncoding = 4; lastKnownFileType = sourcecode.c.h; path = TYResponseObject.h; sourceTree = "<group>"; };
		B04022C81D8C29BD0033DE2B /* TYResponseObject.m */ = {isa = PBXFileReference; fileEncoding = 4; lastKnownFileType = sourcecode.c.objc; path = TYResponseObject.m; sourceTree = "<group>"; };
/* End PBXFileReference section */

/* Begin PBXFrameworksBuildPhase section */
		2BF5FA4B1CEEB4640052DF27 /* Frameworks */ = {
			isa = PBXFrameworksBuildPhase;
			buildActionMask = 2147483647;
			files = (
			);
			runOnlyForDeploymentPostprocessing = 0;
		};
/* End PBXFrameworksBuildPhase section */

/* Begin PBXGroup section */
		2B34CD651CF3F40E00A9325D /* CusotmRequest */ = {
			isa = PBXGroup;
			children = (
				2B34CD671CF3FA4400A9325D /* TResponseObject.h */,
				2B34CD681CF3FA4400A9325D /* TResponseObject.m */,
				2B34CD8F1CF434F600A9325D /* THttpRequest.h */,
				2B34CD901CF434F600A9325D /* THttpRequest.m */,
			);
			name = CusotmRequest;
			sourceTree = "<group>";
		};
		2B34CD661CF3F4FA00A9325D /* Render */ = {
			isa = PBXGroup;
			children = (
				2B34CD921CF4391D00A9325D /* MBProgressHUD */,
				2B34CD6A1CF3FBF900A9325D /* TYJSONModel */,
			);
			name = Render;
			sourceTree = "<group>";
		};
		2B34CD6A1CF3FBF900A9325D /* TYJSONModel */ = {
			isa = PBXGroup;
			children = (
				2B34CD6B1CF3FBF900A9325D /* NSObject+TYJSONModel.h */,
				2B34CD6C1CF3FBF900A9325D /* NSObject+TYJSONModel.m */,
				2B34CD6D1CF3FBF900A9325D /* TYClassInfo.h */,
				2B34CD6E1CF3FBF900A9325D /* TYClassInfo.m */,
				2B34CD6F1CF3FBF900A9325D /* TYJSONModel.h */,
				2B34CD701CF3FBF900A9325D /* TYPropertyInfo.h */,
				2B34CD711CF3FBF900A9325D /* TYPropertyInfo.m */,
			);
			path = TYJSONModel;
			sourceTree = "<group>";
		};
		2B34CD921CF4391D00A9325D /* MBProgressHUD */ = {
			isa = PBXGroup;
			children = (
				2B34CD931CF4391D00A9325D /* MBProgressHUD+MJ.h */,
				2B34CD941CF4391D00A9325D /* MBProgressHUD+MJ.m */,
				2B34CD951CF4391D00A9325D /* MBProgressHUD.bundle */,
				2B34CD961CF4391D00A9325D /* MBProgressHUD.h */,
				2B34CD971CF4391D00A9325D /* MBProgressHUD.m */,
			);
			path = MBProgressHUD;
			sourceTree = "<group>";
		};
		2BF5FA451CEEB4640052DF27 = {
			isa = PBXGroup;
			children = (
				2BF5FA501CEEB4640052DF27 /* TYHttpManagerDemo */,
				2BF5FA4F1CEEB4640052DF27 /* Products */,
			);
			sourceTree = "<group>";
		};
		2BF5FA4F1CEEB4640052DF27 /* Products */ = {
			isa = PBXGroup;
			children = (
				2BF5FA4E1CEEB4640052DF27 /* TYHttpManagerDemo.app */,
			);
			name = Products;
			sourceTree = "<group>";
		};
		2BF5FA501CEEB4640052DF27 /* TYHttpManagerDemo */ = {
			isa = PBXGroup;
			children = (
				2BF5FA691CEEB4920052DF27 /* AFNetworking */,
				B04022B71D8C29BD0033DE2B /* TYHttpManager */,
				2B34CD661CF3F4FA00A9325D /* Render */,
				2B34CD651CF3F40E00A9325D /* CusotmRequest */,
				2BF5FA541CEEB4640052DF27 /* AppDelegate.h */,
				2BF5FA551CEEB4640052DF27 /* AppDelegate.m */,
				2B34CD751CF3FE0500A9325D /* TCategoryRequest.h */,
				2B34CD761CF3FE0500A9325D /* TCategoryRequest.m */,
				2B34CD7B1CF4002400A9325D /* TCatergoryModel.h */,
				2B34CD7C1CF4002400A9325D /* TCatergoryModel.m */,
				2BF5FA571CEEB4640052DF27 /* ViewController.h */,
				2BF5FA581CEEB4640052DF27 /* ViewController.m */,
				2BF5FA5A1CEEB4640052DF27 /* Main.storyboard */,
				2BF5FA5D1CEEB4640052DF27 /* Assets.xcassets */,
				2BF5FA5F1CEEB4640052DF27 /* LaunchScreen.storyboard */,
				2BF5FA621CEEB4640052DF27 /* Info.plist */,
				2BF5FA511CEEB4640052DF27 /* Supporting Files */,
			);
			path = TYHttpManagerDemo;
			sourceTree = "<group>";
		};
		2BF5FA511CEEB4640052DF27 /* Supporting Files */ = {
			isa = PBXGroup;
			children = (
				2BF5FA521CEEB4640052DF27 /* main.m */,
			);
			name = "Supporting Files";
			sourceTree = "<group>";
		};
		2BF5FA691CEEB4920052DF27 /* AFNetworking */ = {
			isa = PBXGroup;
			children = (
				2BF5FA6A1CEEB4920052DF27 /* AFHTTPSessionManager.h */,
				2BF5FA6B1CEEB4920052DF27 /* AFHTTPSessionManager.m */,
				2BF5FA6C1CEEB4920052DF27 /* AFNetworking.h */,
				2BF5FA6D1CEEB4920052DF27 /* AFNetworkReachabilityManager.h */,
				2BF5FA6E1CEEB4920052DF27 /* AFNetworkReachabilityManager.m */,
				2BF5FA6F1CEEB4920052DF27 /* AFSecurityPolicy.h */,
				2BF5FA701CEEB4920052DF27 /* AFSecurityPolicy.m */,
				2BF5FA711CEEB4920052DF27 /* AFURLRequestSerialization.h */,
				2BF5FA721CEEB4920052DF27 /* AFURLRequestSerialization.m */,
				2BF5FA731CEEB4920052DF27 /* AFURLResponseSerialization.h */,
				2BF5FA741CEEB4920052DF27 /* AFURLResponseSerialization.m */,
				2BF5FA751CEEB4920052DF27 /* AFURLSessionManager.h */,
				2BF5FA761CEEB4920052DF27 /* AFURLSessionManager.m */,
			);
			path = AFNetworking;
			sourceTree = "<group>";
		};
		B04022B71D8C29BD0033DE2B /* TYHttpManager */ = {
			isa = PBXGroup;
			children = (
				B04022B81D8C29BD0033DE2B /* TYBaseRequest.h */,
				B04022B91D8C29BD0033DE2B /* TYBaseRequest.m */,
				B04022BA1D8C29BD0033DE2B /* TYBatchRequest.h */,
				B04022BB1D8C29BD0033DE2B /* TYBatchRequest.m */,
				B04022BC1D8C29BD0033DE2B /* TYChainRequest.h */,
				B04022BD1D8C29BD0033DE2B /* TYChainRequest.m */,
				B04022BE1D8C29BD0033DE2B /* TYHttpManager.h */,
				B04022BF1D8C29BD0033DE2B /* TYHttpManager.m */,
				B04022C01D8C29BD0033DE2B /* TYHttpRequest.h */,
				B04022C11D8C29BD0033DE2B /* TYHttpRequest.m */,
				B04022C21D8C29BD0033DE2B /* TYRequestProtocol.h */,
				B04022C31D8C29BD0033DE2B /* TYRequstConfigure.h */,
				B04022C41D8C29BD0033DE2B /* TYRequstConfigure.m */,
				B04022C51D8C29BD0033DE2B /* TYResponseCache.h */,
				B04022C61D8C29BD0033DE2B /* TYResponseCache.m */,
				B04022C71D8C29BD0033DE2B /* TYResponseObject.h */,
				B04022C81D8C29BD0033DE2B /* TYResponseObject.m */,
			);
			path = TYHttpManager;
			sourceTree = "<group>";
		};
/* End PBXGroup section */

/* Begin PBXNativeTarget section */
		2BF5FA4D1CEEB4640052DF27 /* TYHttpManagerDemo */ = {
			isa = PBXNativeTarget;
			buildConfigurationList = 2BF5FA651CEEB4640052DF27 /* Build configuration list for PBXNativeTarget "TYHttpManagerDemo" */;
			buildPhases = (
				2BF5FA4A1CEEB4640052DF27 /* Sources */,
				2BF5FA4B1CEEB4640052DF27 /* Frameworks */,
				2BF5FA4C1CEEB4640052DF27 /* Resources */,
			);
			buildRules = (
			);
			dependencies = (
			);
			name = TYHttpManagerDemo;
			productName = TYHttpManagerDemo;
			productReference = 2BF5FA4E1CEEB4640052DF27 /* TYHttpManagerDemo.app */;
			productType = "com.apple.product-type.application";
		};
/* End PBXNativeTarget section */

/* Begin PBXProject section */
		2BF5FA461CEEB4640052DF27 /* Project object */ = {
			isa = PBXProject;
			attributes = {
				LastUpgradeCheck = 0730;
				ORGANIZATIONNAME = tany;
				TargetAttributes = {
					2BF5FA4D1CEEB4640052DF27 = {
						CreatedOnToolsVersion = 7.3.1;
						DevelopmentTeam = ZW52Q3KXX4;
					};
				};
			};
			buildConfigurationList = 2BF5FA491CEEB4640052DF27 /* Build configuration list for PBXProject "TYHttpManagerDemo" */;
			compatibilityVersion = "Xcode 3.2";
			developmentRegion = English;
			hasScannedForEncodings = 0;
			knownRegions = (
				en,
				Base,
			);
			mainGroup = 2BF5FA451CEEB4640052DF27;
			productRefGroup = 2BF5FA4F1CEEB4640052DF27 /* Products */;
			projectDirPath = "";
			projectRoot = "";
			targets = (
				2BF5FA4D1CEEB4640052DF27 /* TYHttpManagerDemo */,
			);
		};
/* End PBXProject section */

/* Begin PBXResourcesBuildPhase section */
		2BF5FA4C1CEEB4640052DF27 /* Resources */ = {
			isa = PBXResourcesBuildPhase;
			buildActionMask = 2147483647;
			files = (
				2BF5FA611CEEB4640052DF27 /* LaunchScreen.storyboard in Resources */,
				2B34CD991CF4391D00A9325D /* MBProgressHUD.bundle in Resources */,
				2BF5FA5E1CEEB4640052DF27 /* Assets.xcassets in Resources */,
				2BF5FA5C1CEEB4640052DF27 /* Main.storyboard in Resources */,
			);
			runOnlyForDeploymentPostprocessing = 0;
		};
/* End PBXResourcesBuildPhase section */

/* Begin PBXSourcesBuildPhase section */
		2BF5FA4A1CEEB4640052DF27 /* Sources */ = {
			isa = PBXSourcesBuildPhase;
			buildActionMask = 2147483647;
			files = (
				2BF5FA7C1CEEB4920052DF27 /* AFURLSessionManager.m in Sources */,
				2B34CD9A1CF4391D00A9325D /* MBProgressHUD.m in Sources */,
				B04022D01D8C29BD0033DE2B /* TYResponseObject.m in Sources */,
				B04022CC1D8C29BD0033DE2B /* TYHttpManager.m in Sources */,
				2B34CD691CF3FA4400A9325D /* TResponseObject.m in Sources */,
				B04022CB1D8C29BD0033DE2B /* TYChainRequest.m in Sources */,
				2BF5FA591CEEB4640052DF27 /* ViewController.m in Sources */,
				2B34CD731CF3FBF900A9325D /* TYClassInfo.m in Sources */,
				2B34CD7D1CF4002400A9325D /* TCatergoryModel.m in Sources */,
				2BF5FA561CEEB4640052DF27 /* AppDelegate.m in Sources */,
				2BF5FA781CEEB4920052DF27 /* AFNetworkReachabilityManager.m in Sources */,
				2BF5FA531CEEB4640052DF27 /* main.m in Sources */,
				2BF5FA791CEEB4920052DF27 /* AFSecurityPolicy.m in Sources */,
				2BF5FA7A1CEEB4920052DF27 /* AFURLRequestSerialization.m in Sources */,
				B04022CA1D8C29BD0033DE2B /* TYBatchRequest.m in Sources */,
				B04022C91D8C29BD0033DE2B /* TYBaseRequest.m in Sources */,
				2B34CD771CF3FE0500A9325D /* TCategoryRequest.m in Sources */,
				B04022CD1D8C29BD0033DE2B /* TYHttpRequest.m in Sources */,
				B04022CE1D8C29BD0033DE2B /* TYRequstConfigure.m in Sources */,
				B04022CF1D8C29BD0033DE2B /* TYResponseCache.m in Sources */,
				2B34CD721CF3FBF900A9325D /* NSObject+TYJSONModel.m in Sources */,
				2B34CD981CF4391D00A9325D /* MBProgressHUD+MJ.m in Sources */,
				2BF5FA7B1CEEB4920052DF27 /* AFURLResponseSerialization.m in Sources */,
				2BF5FA771CEEB4920052DF27 /* AFHTTPSessionManager.m in Sources */,
				2B34CD911CF434F600A9325D /* THttpRequest.m in Sources */,
				2B34CD741CF3FBF900A9325D /* TYPropertyInfo.m in Sources */,
			);
			runOnlyForDeploymentPostprocessing = 0;
		};
/* End PBXSourcesBuildPhase section */

/* Begin PBXVariantGroup section */
		2BF5FA5A1CEEB4640052DF27 /* Main.storyboard */ = {
			isa = PBXVariantGroup;
			children = (
				2BF5FA5B1CEEB4640052DF27 /* Base */,
			);
			name = Main.storyboard;
			sourceTree = "<group>";
		};
		2BF5FA5F1CEEB4640052DF27 /* LaunchScreen.storyboard */ = {
			isa = PBXVariantGroup;
			children = (
				2BF5FA601CEEB4640052DF27 /* Base */,
			);
			name = LaunchScreen.storyboard;
			sourceTree = "<group>";
		};
/* End PBXVariantGroup section */

/* Begin XCBuildConfiguration section */
		2BF5FA631CEEB4640052DF27 /* Debug */ = {
			isa = XCBuildConfiguration;
			buildSettings = {
				ALWAYS_SEARCH_USER_PATHS = NO;
				CLANG_ANALYZER_NONNULL = YES;
				CLANG_CXX_LANGUAGE_STANDARD = "gnu++0x";
				CLANG_CXX_LIBRARY = "libc++";
				CLANG_ENABLE_MODULES = YES;
				CLANG_ENABLE_OBJC_ARC = YES;
				CLANG_WARN_BOOL_CONVERSION = YES;
				CLANG_WARN_CONSTANT_CONVERSION = YES;
				CLANG_WARN_DIRECT_OBJC_ISA_USAGE = YES_ERROR;
				CLANG_WARN_EMPTY_BODY = YES;
				CLANG_WARN_ENUM_CONVERSION = YES;
				CLANG_WARN_INT_CONVERSION = YES;
				CLANG_WARN_OBJC_ROOT_CLASS = YES_ERROR;
				CLANG_WARN_UNREACHABLE_CODE = YES;
				CLANG_WARN__DUPLICATE_METHOD_MATCH = YES;
				"CODE_SIGN_IDENTITY[sdk=iphoneos*]" = "iPhone Developer";
				COPY_PHASE_STRIP = NO;
				DEBUG_INFORMATION_FORMAT = dwarf;
				ENABLE_STRICT_OBJC_MSGSEND = YES;
				ENABLE_TESTABILITY = YES;
				GCC_C_LANGUAGE_STANDARD = gnu99;
				GCC_DYNAMIC_NO_PIC = NO;
				GCC_NO_COMMON_BLOCKS = YES;
				GCC_OPTIMIZATION_LEVEL = 0;
				GCC_PREPROCESSOR_DEFINITIONS = (
					"DEBUG=1",
					"$(inherited)",
				);
				GCC_WARN_64_TO_32_BIT_CONVERSION = YES;
				GCC_WARN_ABOUT_RETURN_TYPE = YES_ERROR;
				GCC_WARN_UNDECLARED_SELECTOR = YES;
				GCC_WARN_UNINITIALIZED_AUTOS = YES_AGGRESSIVE;
				GCC_WARN_UNUSED_FUNCTION = YES;
				GCC_WARN_UNUSED_VARIABLE = YES;
				IPHONEOS_DEPLOYMENT_TARGET = 9.3;
				MTL_ENABLE_DEBUG_INFO = YES;
				ONLY_ACTIVE_ARCH = YES;
				SDKROOT = iphoneos;
				TARGETED_DEVICE_FAMILY = "1,2";
			};
			name = Debug;
		};
		2BF5FA641CEEB4640052DF27 /* Release */ = {
			isa = XCBuildConfiguration;
			buildSettings = {
				ALWAYS_SEARCH_USER_PATHS = NO;
				CLANG_ANALYZER_NONNULL = YES;
				CLANG_CXX_LANGUAGE_STANDARD = "gnu++0x";
				CLANG_CXX_LIBRARY = "libc++";
				CLANG_ENABLE_MODULES = YES;
				CLANG_ENABLE_OBJC_ARC = YES;
				CLANG_WARN_BOOL_CONVERSION = YES;
				CLANG_WARN_CONSTANT_CONVERSION = YES;
				CLANG_WARN_DIRECT_OBJC_ISA_USAGE = YES_ERROR;
				CLANG_WARN_EMPTY_BODY = YES;
				CLANG_WARN_ENUM_CONVERSION = YES;
				CLANG_WARN_INT_CONVERSION = YES;
				CLANG_WARN_OBJC_ROOT_CLASS = YES_ERROR;
				CLANG_WARN_UNREACHABLE_CODE = YES;
				CLANG_WARN__DUPLICATE_METHOD_MATCH = YES;
				"CODE_SIGN_IDENTITY[sdk=iphoneos*]" = "iPhone Developer";
				COPY_PHASE_STRIP = NO;
				DEBUG_INFORMATION_FORMAT = "dwarf-with-dsym";
				ENABLE_NS_ASSERTIONS = NO;
				ENABLE_STRICT_OBJC_MSGSEND = YES;
				GCC_C_LANGUAGE_STANDARD = gnu99;
				GCC_NO_COMMON_BLOCKS = YES;
				GCC_WARN_64_TO_32_BIT_CONVERSION = YES;
				GCC_WARN_ABOUT_RETURN_TYPE = YES_ERROR;
				GCC_WARN_UNDECLARED_SELECTOR = YES;
				GCC_WARN_UNINITIALIZED_AUTOS = YES_AGGRESSIVE;
				GCC_WARN_UNUSED_FUNCTION = YES;
				GCC_WARN_UNUSED_VARIABLE = YES;
				IPHONEOS_DEPLOYMENT_TARGET = 9.3;
				MTL_ENABLE_DEBUG_INFO = NO;
				SDKROOT = iphoneos;
				TARGETED_DEVICE_FAMILY = "1,2";
				VALIDATE_PRODUCT = YES;
			};
			name = Release;
		};
		2BF5FA661CEEB4640052DF27 /* Debug */ = {
			isa = XCBuildConfiguration;
			buildSettings = {
				ASSETCATALOG_COMPILER_APPICON_NAME = AppIcon;
				INFOPLIST_FILE = TYHttpManagerDemo/Info.plist;
				LD_RUNPATH_SEARCH_PATHS = "$(inherited) @executable_path/Frameworks";
				PRODUCT_BUNDLE_IDENTIFIER = com.tany.TYHttpManagerDemo;
				PRODUCT_NAME = "$(TARGET_NAME)";
			};
			name = Debug;
		};
		2BF5FA671CEEB4640052DF27 /* Release */ = {
			isa = XCBuildConfiguration;
			buildSettings = {
				ASSETCATALOG_COMPILER_APPICON_NAME = AppIcon;
				INFOPLIST_FILE = TYHttpManagerDemo/Info.plist;
				LD_RUNPATH_SEARCH_PATHS = "$(inherited) @executable_path/Frameworks";
				PRODUCT_BUNDLE_IDENTIFIER = com.tany.TYHttpManagerDemo;
				PRODUCT_NAME = "$(TARGET_NAME)";
			};
			name = Release;
		};
/* End XCBuildConfiguration section */

/* Begin XCConfigurationList section */
		2BF5FA491CEEB4640052DF27 /* Build configuration list for PBXProject "TYHttpManagerDemo" */ = {
			isa = XCConfigurationList;
			buildConfigurations = (
				2BF5FA631CEEB4640052DF27 /* Debug */,
				2BF5FA641CEEB4640052DF27 /* Release */,
			);
			defaultConfigurationIsVisible = 0;
			defaultConfigurationName = Release;
		};
		2BF5FA651CEEB4640052DF27 /* Build configuration list for PBXNativeTarget "TYHttpManagerDemo" */ = {
			isa = XCConfigurationList;
			buildConfigurations = (
				2BF5FA661CEEB4640052DF27 /* Debug */,
				2BF5FA671CEEB4640052DF27 /* Release */,
			);
			defaultConfigurationIsVisible = 0;
			defaultConfigurationName = Release;
		};
/* End XCConfigurationList section */
	};
	rootObject = 2BF5FA461CEEB4640052DF27 /* Project object */;
}
